// !$*UTF8*$!
{
	archiveVersion = 1;
	classes = {
	};
	objectVersion = 50;
	objects = {

/* Begin PBXBuildFile section */
		5F919E29237C1E3500E20F6A /* AppDelegate.swift in Sources */ = {isa = PBXBuildFile; fileRef = 5F919E28237C1E3500E20F6A /* AppDelegate.swift */; };
		5F919E2B237C1E3500E20F6A /* MainMenu.swift in Sources */ = {isa = PBXBuildFile; fileRef = 5F919E2A237C1E3500E20F6A /* MainMenu.swift */; };
		5F919E2E237C1E3500E20F6A /* Main.storyboard in Resources */ = {isa = PBXBuildFile; fileRef = 5F919E2C237C1E3500E20F6A /* Main.storyboard */; };
		5F919E30237C1E3700E20F6A /* Assets.xcassets in Resources */ = {isa = PBXBuildFile; fileRef = 5F919E2F237C1E3700E20F6A /* Assets.xcassets */; };
		5F919E33237C1E3700E20F6A /* LaunchScreen.storyboard in Resources */ = {isa = PBXBuildFile; fileRef = 5F919E31237C1E3700E20F6A /* LaunchScreen.storyboard */; };
		5F919E3E237C1E3700E20F6A /* WeatherApplicationTests.swift in Sources */ = {isa = PBXBuildFile; fileRef = 5F919E3D237C1E3700E20F6A /* WeatherApplicationTests.swift */; };
		5F919E49237C1E3700E20F6A /* WeatherApplicationUITests.swift in Sources */ = {isa = PBXBuildFile; fileRef = 5F919E48237C1E3700E20F6A /* WeatherApplicationUITests.swift */; };
		84A34E592385679300CD06DB /* Classes.swift in Sources */ = {isa = PBXBuildFile; fileRef = 84A34E582385679300CD06DB /* Classes.swift */; };
		84A34E5D238578A500CD06DB /* FutureWeatherCell.swift in Sources */ = {isa = PBXBuildFile; fileRef = 84A34E5C238578A500CD06DB /* FutureWeatherCell.swift */; };
/* End PBXBuildFile section */

/* Begin PBXContainerItemProxy section */
		5F919E3A237C1E3700E20F6A /* PBXContainerItemProxy */ = {
			isa = PBXContainerItemProxy;
			containerPortal = 5F919E1D237C1E3400E20F6A /* Project object */;
			proxyType = 1;
			remoteGlobalIDString = 5F919E24237C1E3400E20F6A;
			remoteInfo = WeatherApplication;
		};
		5F919E45237C1E3700E20F6A /* PBXContainerItemProxy */ = {
			isa = PBXContainerItemProxy;
			containerPortal = 5F919E1D237C1E3400E20F6A /* Project object */;
			proxyType = 1;
			remoteGlobalIDString = 5F919E24237C1E3400E20F6A;
			remoteInfo = WeatherApplication;
		};
/* End PBXContainerItemProxy section */

/* Begin PBXFileReference section */
		5F919E25237C1E3500E20F6A /* WeatherApplication.app */ = {isa = PBXFileReference; explicitFileType = wrapper.application; includeInIndex = 0; path = WeatherApplication.app; sourceTree = BUILT_PRODUCTS_DIR; };
		5F919E28237C1E3500E20F6A /* AppDelegate.swift */ = {isa = PBXFileReference; lastKnownFileType = sourcecode.swift; path = AppDelegate.swift; sourceTree = "<group>"; };
		5F919E2A237C1E3500E20F6A /* MainMenu.swift */ = {isa = PBXFileReference; lastKnownFileType = sourcecode.swift; path = MainMenu.swift; sourceTree = "<group>"; };
		5F919E2D237C1E3500E20F6A /* Base */ = {isa = PBXFileReference; lastKnownFileType = file.storyboard; name = Base; path = Base.lproj/Main.storyboard; sourceTree = "<group>"; };
		5F919E2F237C1E3700E20F6A /* Assets.xcassets */ = {isa = PBXFileReference; lastKnownFileType = folder.assetcatalog; path = Assets.xcassets; sourceTree = "<group>"; };
		5F919E32237C1E3700E20F6A /* Base */ = {isa = PBXFileReference; lastKnownFileType = file.storyboard; name = Base; path = Base.lproj/LaunchScreen.storyboard; sourceTree = "<group>"; };
		5F919E34237C1E3700E20F6A /* Info.plist */ = {isa = PBXFileReference; lastKnownFileType = text.plist.xml; path = Info.plist; sourceTree = "<group>"; };
		5F919E39237C1E3700E20F6A /* WeatherApplicationTests.xctest */ = {isa = PBXFileReference; explicitFileType = wrapper.cfbundle; includeInIndex = 0; path = WeatherApplicationTests.xctest; sourceTree = BUILT_PRODUCTS_DIR; };
		5F919E3D237C1E3700E20F6A /* WeatherApplicationTests.swift */ = {isa = PBXFileReference; lastKnownFileType = sourcecode.swift; path = WeatherApplicationTests.swift; sourceTree = "<group>"; };
		5F919E3F237C1E3700E20F6A /* Info.plist */ = {isa = PBXFileReference; lastKnownFileType = text.plist.xml; path = Info.plist; sourceTree = "<group>"; };
		5F919E44237C1E3700E20F6A /* WeatherApplicationUITests.xctest */ = {isa = PBXFileReference; explicitFileType = wrapper.cfbundle; includeInIndex = 0; path = WeatherApplicationUITests.xctest; sourceTree = BUILT_PRODUCTS_DIR; };
		5F919E48237C1E3700E20F6A /* WeatherApplicationUITests.swift */ = {isa = PBXFileReference; lastKnownFileType = sourcecode.swift; path = WeatherApplicationUITests.swift; sourceTree = "<group>"; };
		5F919E4A237C1E3700E20F6A /* Info.plist */ = {isa = PBXFileReference; lastKnownFileType = text.plist.xml; path = Info.plist; sourceTree = "<group>"; };
		84A34E582385679300CD06DB /* Classes.swift */ = {isa = PBXFileReference; lastKnownFileType = sourcecode.swift; path = Classes.swift; sourceTree = "<group>"; };
		84A34E5C238578A500CD06DB /* FutureWeatherCell.swift */ = {isa = PBXFileReference; lastKnownFileType = sourcecode.swift; path = FutureWeatherCell.swift; sourceTree = "<group>"; };
/* End PBXFileReference section */

/* Begin PBXFrameworksBuildPhase section */
		5F919E22237C1E3400E20F6A /* Frameworks */ = {
			isa = PBXFrameworksBuildPhase;
			buildActionMask = 2147483647;
			files = (
			);
			runOnlyForDeploymentPostprocessing = 0;
		};
		5F919E36237C1E3700E20F6A /* Frameworks */ = {
			isa = PBXFrameworksBuildPhase;
			buildActionMask = 2147483647;
			files = (
			);
			runOnlyForDeploymentPostprocessing = 0;
		};
		5F919E41237C1E3700E20F6A /* Frameworks */ = {
			isa = PBXFrameworksBuildPhase;
			buildActionMask = 2147483647;
			files = (
			);
			runOnlyForDeploymentPostprocessing = 0;
		};
/* End PBXFrameworksBuildPhase section */

/* Begin PBXGroup section */
		5F919E1C237C1E3400E20F6A = {
			isa = PBXGroup;
			children = (
				5F919E27237C1E3500E20F6A /* WeatherApplication */,
				5F919E3C237C1E3700E20F6A /* WeatherApplicationTests */,
				5F919E47237C1E3700E20F6A /* WeatherApplicationUITests */,
				5F919E26237C1E3500E20F6A /* Products */,
			);
			sourceTree = "<group>";
		};
		5F919E26237C1E3500E20F6A /* Products */ = {
			isa = PBXGroup;
			children = (
				5F919E25237C1E3500E20F6A /* WeatherApplication.app */,
				5F919E39237C1E3700E20F6A /* WeatherApplicationTests.xctest */,
				5F919E44237C1E3700E20F6A /* WeatherApplicationUITests.xctest */,
			);
			name = Products;
			sourceTree = "<group>";
		};
		5F919E27237C1E3500E20F6A /* WeatherApplication */ = {
			isa = PBXGroup;
			children = (
				5F919E28237C1E3500E20F6A /* AppDelegate.swift */,
				5F919E2A237C1E3500E20F6A /* MainMenu.swift */,
				5F919E2C237C1E3500E20F6A /* Main.storyboard */,
				5F919E2F237C1E3700E20F6A /* Assets.xcassets */,
				84A34E5C238578A500CD06DB /* FutureWeatherCell.swift */,
				84A34E582385679300CD06DB /* Classes.swift */,
				5F919E31237C1E3700E20F6A /* LaunchScreen.storyboard */,
				5F919E34237C1E3700E20F6A /* Info.plist */,
			);
			path = WeatherApplication;
			sourceTree = "<group>";
		};
		5F919E3C237C1E3700E20F6A /* WeatherApplicationTests */ = {
			isa = PBXGroup;
			children = (
				5F919E3D237C1E3700E20F6A /* WeatherApplicationTests.swift */,
				5F919E3F237C1E3700E20F6A /* Info.plist */,
			);
			path = WeatherApplicationTests;
			sourceTree = "<group>";
		};
		5F919E47237C1E3700E20F6A /* WeatherApplicationUITests */ = {
			isa = PBXGroup;
			children = (
				5F919E48237C1E3700E20F6A /* WeatherApplicationUITests.swift */,
				5F919E4A237C1E3700E20F6A /* Info.plist */,
			);
			path = WeatherApplicationUITests;
			sourceTree = "<group>";
		};
/* End PBXGroup section */

/* Begin PBXNativeTarget section */
		5F919E24237C1E3400E20F6A /* WeatherApplication */ = {
			isa = PBXNativeTarget;
			buildConfigurationList = 5F919E4D237C1E3700E20F6A /* Build configuration list for PBXNativeTarget "WeatherApplication" */;
			buildPhases = (
				5F919E21237C1E3400E20F6A /* Sources */,
				5F919E22237C1E3400E20F6A /* Frameworks */,
				5F919E23237C1E3400E20F6A /* Resources */,
			);
			buildRules = (
			);
			dependencies = (
			);
			name = WeatherApplication;
			productName = WeatherApplication;
			productReference = 5F919E25237C1E3500E20F6A /* WeatherApplication.app */;
			productType = "com.apple.product-type.application";
		};
		5F919E38237C1E3700E20F6A /* WeatherApplicationTests */ = {
			isa = PBXNativeTarget;
			buildConfigurationList = 5F919E50237C1E3700E20F6A /* Build configuration list for PBXNativeTarget "WeatherApplicationTests" */;
			buildPhases = (
				5F919E35237C1E3700E20F6A /* Sources */,
				5F919E36237C1E3700E20F6A /* Frameworks */,
				5F919E37237C1E3700E20F6A /* Resources */,
			);
			buildRules = (
			);
			dependencies = (
				5F919E3B237C1E3700E20F6A /* PBXTargetDependency */,
			);
			name = WeatherApplicationTests;
			productName = WeatherApplicationTests;
			productReference = 5F919E39237C1E3700E20F6A /* WeatherApplicationTests.xctest */;
			productType = "com.apple.product-type.bundle.unit-test";
		};
		5F919E43237C1E3700E20F6A /* WeatherApplicationUITests */ = {
			isa = PBXNativeTarget;
			buildConfigurationList = 5F919E53237C1E3700E20F6A /* Build configuration list for PBXNativeTarget "WeatherApplicationUITests" */;
			buildPhases = (
				5F919E40237C1E3700E20F6A /* Sources */,
				5F919E41237C1E3700E20F6A /* Frameworks */,
				5F919E42237C1E3700E20F6A /* Resources */,
			);
			buildRules = (
			);
			dependencies = (
				5F919E46237C1E3700E20F6A /* PBXTargetDependency */,
			);
			name = WeatherApplicationUITests;
			productName = WeatherApplicationUITests;
			productReference = 5F919E44237C1E3700E20F6A /* WeatherApplicationUITests.xctest */;
			productType = "com.apple.product-type.bundle.ui-testing";
		};
/* End PBXNativeTarget section */

/* Begin PBXProject section */
		5F919E1D237C1E3400E20F6A /* Project object */ = {
			isa = PBXProject;
			attributes = {
				LastSwiftUpdateCheck = 0940;
				LastUpgradeCheck = 0940;
				ORGANIZATIONNAME = ITLabAdmin;
				TargetAttributes = {
					5F919E24237C1E3400E20F6A = {
						CreatedOnToolsVersion = 9.4.1;
					};
					5F919E38237C1E3700E20F6A = {
						CreatedOnToolsVersion = 9.4.1;
						TestTargetID = 5F919E24237C1E3400E20F6A;
					};
					5F919E43237C1E3700E20F6A = {
						CreatedOnToolsVersion = 9.4.1;
						TestTargetID = 5F919E24237C1E3400E20F6A;
					};
				};
			};
			buildConfigurationList = 5F919E20237C1E3400E20F6A /* Build configuration list for PBXProject "WeatherApplication" */;
			compatibilityVersion = "Xcode 9.3";
			developmentRegion = en;
			hasScannedForEncodings = 0;
			knownRegions = (
				en,
				Base,
			);
			mainGroup = 5F919E1C237C1E3400E20F6A;
			productRefGroup = 5F919E26237C1E3500E20F6A /* Products */;
			projectDirPath = "";
			projectRoot = "";
			targets = (
				5F919E24237C1E3400E20F6A /* WeatherApplication */,
				5F919E38237C1E3700E20F6A /* WeatherApplicationTests */,
				5F919E43237C1E3700E20F6A /* WeatherApplicationUITests */,
			);
		};
/* End PBXProject section */

/* Begin PBXResourcesBuildPhase section */
		5F919E23237C1E3400E20F6A /* Resources */ = {
			isa = PBXResourcesBuildPhase;
			buildActionMask = 2147483647;
			files = (
				5F919E33237C1E3700E20F6A /* LaunchScreen.storyboard in Resources */,
				5F919E30237C1E3700E20F6A /* Assets.xcassets in Resources */,
				5F919E2E237C1E3500E20F6A /* Main.storyboard in Resources */,
			);
			runOnlyForDeploymentPostprocessing = 0;
		};
		5F919E37237C1E3700E20F6A /* Resources */ = {
			isa = PBXResourcesBuildPhase;
			buildActionMask = 2147483647;
			files = (
			);
			runOnlyForDeploymentPostprocessing = 0;
		};
		5F919E42237C1E3700E20F6A /* Resources */ = {
			isa = PBXResourcesBuildPhase;
			buildActionMask = 2147483647;
			files = (
			);
			runOnlyForDeploymentPostprocessing = 0;
		};
/* End PBXResourcesBuildPhase section */

/* Begin PBXSourcesBuildPhase section */
		5F919E21237C1E3400E20F6A /* Sources */ = {
			isa = PBXSourcesBuildPhase;
			buildActionMask = 2147483647;
			files = (
				5F919E2B237C1E3500E20F6A /* MainMenu.swift in Sources */,
				84A34E5D238578A500CD06DB /* FutureWeatherCell.swift in Sources */,
				5F919E29237C1E3500E20F6A /* AppDelegate.swift in Sources */,
				84A34E592385679300CD06DB /* Classes.swift in Sources */,
			);
			runOnlyForDeploymentPostprocessing = 0;
		};
		5F919E35237C1E3700E20F6A /* Sources */ = {
			isa = PBXSourcesBuildPhase;
			buildActionMask = 2147483647;
			files = (
				5F919E3E237C1E3700E20F6A /* WeatherApplicationTests.swift in Sources */,
			);
			runOnlyForDeploymentPostprocessing = 0;
		};
		5F919E40237C1E3700E20F6A /* Sources */ = {
			isa = PBXSourcesBuildPhase;
			buildActionMask = 2147483647;
			files = (
				5F919E49237C1E3700E20F6A /* WeatherApplicationUITests.swift in Sources */,
			);
			runOnlyForDeploymentPostprocessing = 0;
		};
/* End PBXSourcesBuildPhase section */

/* Begin PBXTargetDependency section */
		5F919E3B237C1E3700E20F6A /* PBXTargetDependency */ = {
			isa = PBXTargetDependency;
			target = 5F919E24237C1E3400E20F6A /* WeatherApplication */;
			targetProxy = 5F919E3A237C1E3700E20F6A /* PBXContainerItemProxy */;
		};
		5F919E46237C1E3700E20F6A /* PBXTargetDependency */ = {
			isa = PBXTargetDependency;
			target = 5F919E24237C1E3400E20F6A /* WeatherApplication */;
			targetProxy = 5F919E45237C1E3700E20F6A /* PBXContainerItemProxy */;
		};
/* End PBXTargetDependency section */

/* Begin PBXVariantGroup section */
		5F919E2C237C1E3500E20F6A /* Main.storyboard */ = {
			isa = PBXVariantGroup;
			children = (
				5F919E2D237C1E3500E20F6A /* Base */,
			);
			name = Main.storyboard;
			sourceTree = "<group>";
		};
		5F919E31237C1E3700E20F6A /* LaunchScreen.storyboard */ = {
			isa = PBXVariantGroup;
			children = (
				5F919E32237C1E3700E20F6A /* Base */,
			);
			name = LaunchScreen.storyboard;
			sourceTree = "<group>";
		};
/* End PBXVariantGroup section */

/* Begin XCBuildConfiguration section */
		5F919E4B237C1E3700E20F6A /* Debug */ = {
			isa = XCBuildConfiguration;
			buildSettings = {
				ALWAYS_SEARCH_USER_PATHS = NO;
				CLANG_ANALYZER_NONNULL = YES;
				CLANG_ANALYZER_NUMBER_OBJECT_CONVERSION = YES_AGGRESSIVE;
				CLANG_CXX_LANGUAGE_STANDARD = "gnu++14";
				CLANG_CXX_LIBRARY = "libc++";
				CLANG_ENABLE_MODULES = YES;
				CLANG_ENABLE_OBJC_ARC = YES;
				CLANG_ENABLE_OBJC_WEAK = YES;
				CLANG_WARN_BLOCK_CAPTURE_AUTORELEASING = YES;
				CLANG_WARN_BOOL_CONVERSION = YES;
				CLANG_WARN_COMMA = YES;
				CLANG_WARN_CONSTANT_CONVERSION = YES;
				CLANG_WARN_DEPRECATED_OBJC_IMPLEMENTATIONS = YES;
				CLANG_WARN_DIRECT_OBJC_ISA_USAGE = YES_ERROR;
				CLANG_WARN_DOCUMENTATION_COMMENTS = YES;
				CLANG_WARN_EMPTY_BODY = YES;
				CLANG_WARN_ENUM_CONVERSION = YES;
				CLANG_WARN_INFINITE_RECURSION = YES;
				CLANG_WARN_INT_CONVERSION = YES;
				CLANG_WARN_NON_LITERAL_NULL_CONVERSION = YES;
				CLANG_WARN_OBJC_IMPLICIT_RETAIN_SELF = YES;
				CLANG_WARN_OBJC_LITERAL_CONVERSION = YES;
				CLANG_WARN_OBJC_ROOT_CLASS = YES_ERROR;
				CLANG_WARN_RANGE_LOOP_ANALYSIS = YES;
				CLANG_WARN_STRICT_PROTOTYPES = YES;
				CLANG_WARN_SUSPICIOUS_MOVE = YES;
				CLANG_WARN_UNGUARDED_AVAILABILITY = YES_AGGRESSIVE;
				CLANG_WARN_UNREACHABLE_CODE = YES;
				CLANG_WARN__DUPLICATE_METHOD_MATCH = YES;
				CODE_SIGN_IDENTITY = "iPhone Developer";
				COPY_PHASE_STRIP = NO;
				DEBUG_INFORMATION_FORMAT = dwarf;
				ENABLE_STRICT_OBJC_MSGSEND = YES;
				ENABLE_TESTABILITY = YES;
				GCC_C_LANGUAGE_STANDARD = gnu11;
				GCC_DYNAMIC_NO_PIC = NO;
				GCC_NO_COMMON_BLOCKS = YES;
				GCC_OPTIMIZATION_LEVEL = 0;
				GCC_PREPROCESSOR_DEFINITIONS = (
					"DEBUG=1",
					"$(inherited)",
				);
				GCC_WARN_64_TO_32_BIT_CONVERSION = YES;
				GCC_WARN_ABOUT_RETURN_TYPE = YES_ERROR;
				GCC_WARN_UNDECLARED_SELECTOR = YES;
				GCC_WARN_UNINITIALIZED_AUTOS = YES_AGGRESSIVE;
				GCC_WARN_UNUSED_FUNCTION = YES;
				GCC_WARN_UNUSED_VARIABLE = YES;
				IPHONEOS_DEPLOYMENT_TARGET = 11.4;
				MTL_ENABLE_DEBUG_INFO = YES;
				ONLY_ACTIVE_ARCH = YES;
				SDKROOT = iphoneos;
				SWIFT_ACTIVE_COMPILATION_CONDITIONS = DEBUG;
				SWIFT_OPTIMIZATION_LEVEL = "-Onone";
			};
			name = Debug;
		};
		5F919E4C237C1E3700E20F6A /* Release */ = {
			isa = XCBuildConfiguration;
			buildSettings = {
				ALWAYS_SEARCH_USER_PATHS = NO;
				CLANG_ANALYZER_NONNULL = YES;
				CLANG_ANALYZER_NUMBER_OBJECT_CONVERSION = YES_AGGRESSIVE;
				CLANG_CXX_LANGUAGE_STANDARD = "gnu++14";
				CLANG_CXX_LIBRARY = "libc++";
				CLANG_ENABLE_MODULES = YES;
				CLANG_ENABLE_OBJC_ARC = YES;
				CLANG_ENABLE_OBJC_WEAK = YES;
				CLANG_WARN_BLOCK_CAPTURE_AUTORELEASING = YES;
				CLANG_WARN_BOOL_CONVERSION = YES;
				CLANG_WARN_COMMA = YES;
				CLANG_WARN_CONSTANT_CONVERSION = YES;
				CLANG_WARN_DEPRECATED_OBJC_IMPLEMENTATIONS = YES;
				CLANG_WARN_DIRECT_OBJC_ISA_USAGE = YES_ERROR;
				CLANG_WARN_DOCUMENTATION_COMMENTS = YES;
				CLANG_WARN_EMPTY_BODY = YES;
				CLANG_WARN_ENUM_CONVERSION = YES;
				CLANG_WARN_INFINITE_RECURSION = YES;
				CLANG_WARN_INT_CONVERSION = YES;
				CLANG_WARN_NON_LITERAL_NULL_CONVERSION = YES;
				CLANG_WARN_OBJC_IMPLICIT_RETAIN_SELF = YES;
				CLANG_WARN_OBJC_LITERAL_CONVERSION = YES;
				CLANG_WARN_OBJC_ROOT_CLASS = YES_ERROR;
				CLANG_WARN_RANGE_LOOP_ANALYSIS = YES;
				CLANG_WARN_STRICT_PROTOTYPES = YES;
				CLANG_WARN_SUSPICIOUS_MOVE = YES;
				CLANG_WARN_UNGUARDED_AVAILABILITY = YES_AGGRESSIVE;
				CLANG_WARN_UNREACHABLE_CODE = YES;
				CLANG_WARN__DUPLICATE_METHOD_MATCH = YES;
				CODE_SIGN_IDENTITY = "iPhone Developer";
				COPY_PHASE_STRIP = NO;
				DEBUG_INFORMATION_FORMAT = "dwarf-with-dsym";
				ENABLE_NS_ASSERTIONS = NO;
				ENABLE_STRICT_OBJC_MSGSEND = YES;
				GCC_C_LANGUAGE_STANDARD = gnu11;
				GCC_NO_COMMON_BLOCKS = YES;
				GCC_WARN_64_TO_32_BIT_CONVERSION = YES;
				GCC_WARN_ABOUT_RETURN_TYPE = YES_ERROR;
				GCC_WARN_UNDECLARED_SELECTOR = YES;
				GCC_WARN_UNINITIALIZED_AUTOS = YES_AGGRESSIVE;
				GCC_WARN_UNUSED_FUNCTION = YES;
				GCC_WARN_UNUSED_VARIABLE = YES;
				IPHONEOS_DEPLOYMENT_TARGET = 11.4;
				MTL_ENABLE_DEBUG_INFO = NO;
				SDKROOT = iphoneos;
				SWIFT_COMPILATION_MODE = wholemodule;
				SWIFT_OPTIMIZATION_LEVEL = "-O";
				VALIDATE_PRODUCT = YES;
			};
			name = Release;
		};
		5F919E4E237C1E3700E20F6A /* Debug */ = {
			isa = XCBuildConfiguration;
			buildSettings = {
				ASSETCATALOG_COMPILER_APPICON_NAME = AppIcon;
				CODE_SIGN_STYLE = Automatic;
				INFOPLIST_FILE = WeatherApplication/Info.plist;
				LD_RUNPATH_SEARCH_PATHS = (
					"$(inherited)",
					"@executable_path/Frameworks",
				);
				PRODUCT_BUNDLE_IDENTIFIER = Rysmende.WeatherApplication;
				PRODUCT_NAME = "$(TARGET_NAME)";
				SWIFT_VERSION = 4.0;
				TARGETED_DEVICE_FAMILY = "1,2";
			};
			name = Debug;
		};
		5F919E4F237C1E3700E20F6A /* Release */ = {
			isa = XCBuildConfiguration;
			buildSettings = {
				ASSETCATALOG_COMPILER_APPICON_NAME = AppIcon;
				CODE_SIGN_STYLE = Automatic;
				INFOPLIST_FILE = WeatherApplication/Info.plist;
				LD_RUNPATH_SEARCH_PATHS = (
					"$(inherited)",
					"@executable_path/Frameworks",
				);
				PRODUCT_BUNDLE_IDENTIFIER = Rysmende.WeatherApplication;
				PRODUCT_NAME = "$(TARGET_NAME)";
				SWIFT_VERSION = 4.0;
				TARGETED_DEVICE_FAMILY = "1,2";
			};
			name = Release;
		};
		5F919E51237C1E3700E20F6A /* Debug */ = {
			isa = XCBuildConfiguration;
			buildSettings = {
				ALWAYS_EMBED_SWIFT_STANDARD_LIBRARIES = YES;
				BUNDLE_LOADER = "$(TEST_HOST)";
				CODE_SIGN_STYLE = Automatic;
				INFOPLIST_FILE = WeatherApplicationTests/Info.plist;
				LD_RUNPATH_SEARCH_PATHS = (
					"$(inherited)",
					"@executable_path/Frameworks",
					"@loader_path/Frameworks",
				);
				PRODUCT_BUNDLE_IDENTIFIER = Rysmende.WeatherApplicationTests;
				PRODUCT_NAME = "$(TARGET_NAME)";
				SWIFT_VERSION = 4.0;
				TARGETED_DEVICE_FAMILY = "1,2";
				TEST_HOST = "$(BUILT_PRODUCTS_DIR)/WeatherApplication.app/WeatherApplication";
			};
			name = Debug;
		};
		5F919E52237C1E3700E20F6A /* Release */ = {
			isa = XCBuildConfiguration;
			buildSettings = {
				ALWAYS_EMBED_SWIFT_STANDARD_LIBRARIES = YES;
				BUNDLE_LOADER = "$(TEST_HOST)";
				CODE_SIGN_STYLE = Automatic;
				INFOPLIST_FILE = WeatherApplicationTests/Info.plist;
				LD_RUNPATH_SEARCH_PATHS = (
					"$(inherited)",
					"@executable_path/Frameworks",
					"@loader_path/Frameworks",
				);
				PRODUCT_BUNDLE_IDENTIFIER = Rysmende.WeatherApplicationTests;
				PRODUCT_NAME = "$(TARGET_NAME)";
				SWIFT_VERSION = 4.0;
				TARGETED_DEVICE_FAMILY = "1,2";
				TEST_HOST = "$(BUILT_PRODUCTS_DIR)/WeatherApplication.app/WeatherApplication";
			};
			name = Release;
		};
		5F919E54237C1E3700E20F6A /* Debug */ = {
			isa = XCBuildConfiguration;
			buildSettings = {
				ALWAYS_EMBED_SWIFT_STANDARD_LIBRARIES = YES;
				CODE_SIGN_STYLE = Automatic;
				INFOPLIST_FILE = WeatherApplicationUITests/Info.plist;
				LD_RUNPATH_SEARCH_PATHS = (
					"$(inherited)",
					"@executable_path/Frameworks",
					"@loader_path/Frameworks",
				);
				PRODUCT_BUNDLE_IDENTIFIER = Rysmende.WeatherApplicationUITests;
				PRODUCT_NAME = "$(TARGET_NAME)";
				SWIFT_VERSION = 4.0;
				TARGETED_DEVICE_FAMILY = "1,2";
				TEST_TARGET_NAME = WeatherApplication;
			};
			name = Debug;
		};
		5F919E55237C1E3700E20F6A /* Release */ = {
			isa = XCBuildConfiguration;
			buildSettings = {
				ALWAYS_EMBED_SWIFT_STANDARD_LIBRARIES = YES;
				CODE_SIGN_STYLE = Automatic;
				INFOPLIST_FILE = WeatherApplicationUITests/Info.plist;
				LD_RUNPATH_SEARCH_PATHS = (
					"$(inherited)",
					"@executable_path/Frameworks",
					"@loader_path/Frameworks",
				);
				PRODUCT_BUNDLE_IDENTIFIER = Rysmende.WeatherApplicationUITests;
				PRODUCT_NAME = "$(TARGET_NAME)";
				SWIFT_VERSION = 4.0;
				TARGETED_DEVICE_FAMILY = "1,2";
				TEST_TARGET_NAME = WeatherApplication;
			};
			name = Release;
		};
/* End XCBuildConfiguration section */

/* Begin XCConfigurationList section */
		5F919E20237C1E3400E20F6A /* Build configuration list for PBXProject "WeatherApplication" */ = {
			isa = XCConfigurationList;
			buildConfigurations = (
				5F919E4B237C1E3700E20F6A /* Debug */,
				5F919E4C237C1E3700E20F6A /* Release */,
			);
			defaultConfigurationIsVisible = 0;
			defaultConfigurationName = Release;
		};
		5F919E4D237C1E3700E20F6A /* Build configuration list for PBXNativeTarget "WeatherApplication" */ = {
			isa = XCConfigurationList;
			buildConfigurations = (
				5F919E4E237C1E3700E20F6A /* Debug */,
				5F919E4F237C1E3700E20F6A /* Release */,
			);
			defaultConfigurationIsVisible = 0;
			defaultConfigurationName = Release;
		};
		5F919E50237C1E3700E20F6A /* Build configuration list for PBXNativeTarget "WeatherApplicationTests" */ = {
			isa = XCConfigurationList;
			buildConfigurations = (
				5F919E51237C1E3700E20F6A /* Debug */,
				5F919E52237C1E3700E20F6A /* Release */,
			);
			defaultConfigurationIsVisible = 0;
			defaultConfigurationName = Release;
		};
		5F919E53237C1E3700E20F6A /* Build configuration list for PBXNativeTarget "WeatherApplicationUITests" */ = {
			isa = XCConfigurationList;
			buildConfigurations = (
				5F919E54237C1E3700E20F6A /* Debug */,
				5F919E55237C1E3700E20F6A /* Release */,
			);
			defaultConfigurationIsVisible = 0;
			defaultConfigurationName = Release;
		};
/* End XCConfigurationList section */
	};
	rootObject = 5F919E1D237C1E3400E20F6A /* Project object */;
}
